
Microsoft Visual Studio Solution File, Format Version 12.00
# Visual Studio Version 18
VisualStudioVersion = 18.10.12201.205 stable
MinimumVisualStudioVersion = 10.0.40219.1
Project("{FAE04EC0-301F-11D3-BF4B-00C04F79EFBC}") = "Lab1Sem3", "Lab1Sem3.csproj", "{B56D1F85-BB17-4EBC-8E8A-F88D58CB77C3}"
EndProject
Global
	GlobalSection(SolutionConfigurationPlatforms) = preSolution
		Debug|Any CPU = Debug|Any CPU
		Release|Any CPU = Release|Any CPU
	EndGlobalSection
	GlobalSection(ProjectConfigurationPlatforms) = postSolution
		{B56D1F85-BB17-4EBC-8E8A-F88D58CB77C3}.Debug|Any CPU.ActiveCfg = Debug|Any CPU
		{B56D1F85-BB17-4EBC-8E8A-F88D58CB77C3}.Debug|Any CPU.Build.0 = Debug|Any CPU
		{B56D1F85-BB17-4EBC-8E8A-F88D58CB77C3}.Release|Any CPU.ActiveCfg = Release|Any CPU
		{B56D1F85-BB17-4EBC-8E8A-F88D58CB77C3}.Release|Any CPU.Build.0 = Release|Any CPU
	EndGlobalSection
	GlobalSection(SolutionProperties) = preSolution
		HideSolutionNode = FALSE
	EndGlobalSection
	GlobalSection(ExtensibilityGlobals) = postSolution
		SolutionGuid = {F395B04D-0C8D-4E1B-AD81-AAE60463453A}
	EndGlobalSection
EndGlobal
